{
  "name": "components",
  "lockfileVersion": 3,
  "requires": true,
  "packages": {
    "": {
      "dependencies": {
        "hybrids": "^9.1.22"
      }
    },
    "node_modules/hybrids": {
      "version": "9.1.22",
      "resolved": "https://registry.npmjs.org/hybrids/-/hybrids-9.1.22.tgz",
      "integrity": "sha512-SsUk8GyP4g1zdSa+Da1tT+PCv1m/4yNPCjKzHOawEjJIl/Dyoyid5t6rtLX09ma+PANQ/FWyXzlhZJlLaeLpeg==",
      "license": "MIT",
      "bin": {
        "hybrids": "cli/index.js"
      },
      "engines": {
        "node": ">=18.0.0"
      }
    }
  }
}
